
Microsoft Visual Studio Solution File, Format Version 12.00
# Visual Studio Version 16
VisualStudioVersion = 16.0.30011.22
MinimumVisualStudioVersion = 10.0.40219.1
Project("{FAE04EC0-301F-11D3-BF4B-00C04F79EFBC}") = "gladius.app", "gladius.app\gladius.app.csproj", "{18665F5E-42F3-4DC7-9077-22DEA55439C3}"
EndProject
Global
	GlobalSection(SolutionConfigurationPlatforms) = preSolution
		Debug|Any CPU = Debug|Any CPU
		Release|Any CPU = Release|Any CPU
	EndGlobalSection
	GlobalSection(ProjectConfigurationPlatforms) = postSolution
		{18665F5E-42F3-4DC7-9077-22DEA55439C3}.Debug|Any CPU.ActiveCfg = Debug|Any CPU
		{18665F5E-42F3-4DC7-9077-22DEA55439C3}.Debug|Any CPU.Build.0 = Debug|Any CPU
		{18665F5E-42F3-4DC7-9077-22DEA55439C3}.Release|Any CPU.ActiveCfg = Release|Any CPU
		{18665F5E-42F3-4DC7-9077-22DEA55439C3}.Release|Any CPU.Build.0 = Release|Any CPU
	EndGlobalSection
	GlobalSection(SolutionProperties) = preSolution
		HideSolutionNode = FALSE
	EndGlobalSection
	GlobalSection(ExtensibilityGlobals) = postSolution
		SolutionGuid = {E83E503D-B07F-4C43-AAFB-5B474945B0EF}
	EndGlobalSection
EndGlobal
